
Microsoft Visual Studio Solution File, Format Version 12.00
# Visual Studio Version 16
VisualStudioVersion = 16.0.29613.14
MinimumVisualStudioVersion = 10.0.40219.1
Project("{FAE04EC0-301F-11D3-BF4B-00C04F79EFBC}") = "smsbomber", "smsbomber\smsbomber.csproj", "{39A754B7-7FDC-454A-8CDD-3CCAAF3BECF5}"
EndProject
Global
	GlobalSection(SolutionConfigurationPlatforms) = preSolution
		Debug|Any CPU = Debug|Any CPU
		Release|Any CPU = Release|Any CPU
	EndGlobalSection
	GlobalSection(ProjectConfigurationPlatforms) = postSolution
		{39A754B7-7FDC-454A-8CDD-3CCAAF3BECF5}.Debug|Any CPU.ActiveCfg = Debug|Any CPU
		{39A754B7-7FDC-454A-8CDD-3CCAAF3BECF5}.Debug|Any CPU.Build.0 = Debug|Any CPU
		{39A754B7-7FDC-454A-8CDD-3CCAAF3BECF5}.Release|Any CPU.ActiveCfg = Release|Any CPU
		{39A754B7-7FDC-454A-8CDD-3CCAAF3BECF5}.Release|Any CPU.Build.0 = Release|Any CPU
	EndGlobalSection
	GlobalSection(SolutionProperties) = preSolution
		HideSolutionNode = FALSE
	EndGlobalSection
	GlobalSection(ExtensibilityGlobals) = postSolution
		SolutionGuid = {7C33D1BF-6D29-43D2-AB8C-512884D6E9E8}
	EndGlobalSection
EndGlobal
